
Microsoft Visual Studio Solution File, Format Version 12.00
# Visual Studio 14
VisualStudioVersion = 14.0.25420.1
MinimumVisualStudioVersion = 10.0.40219.1
Project("{FAE04EC0-301F-11D3-BF4B-00C04F79EFBC}") = "WebUI", "WebUI\WebUI.csproj", "{7A9CDC15-B4D1-4A8E-BBD4-EDF6BBAAEF4E}"
EndProject
Project("{FAE04EC0-301F-11D3-BF4B-00C04F79EFBC}") = "Model", "Model\Model.csproj", "{62C8CB2B-62D4-423C-BCC2-4BF4F743BA4F}"
EndProject
Project("{FAE04EC0-301F-11D3-BF4B-00C04F79EFBC}") = "ModelDTO", "ModelDTO\ModelDTO.csproj", "{B657CC89-611F-4648-8691-AE6F9F7F809B}"
EndProject
Project("{9092AA53-FB77-4645-B42D-1CCCA6BD08BD}") = "FormUI", "FormUI\FormUI.njsproj", "{8BF7D970-B000-4C42-A8CA-984B3C1F86BE}"
EndProject
Project("{FAE04EC0-301F-11D3-BF4B-00C04F79EFBC}") = "ConsoleApplication", "ConsoleApplication\ConsoleApplication.csproj", "{AF3BE911-D1E8-43A1-9823-0C0BA893B2C1}"
EndProject
Project("{FAE04EC0-301F-11D3-BF4B-00C04F79EFBC}") = "WebUI.UnitTest", "Tests\WebUI.UnitTest\WebUI.UnitTest.csproj", "{C9FD3473-E890-4518-A884-D92A551F6C3C}"
EndProject
Project("{2150E333-8FDC-42A3-9474-1A3956D46DE8}") = "Tests", "Tests", "{E6A0DF2D-83C2-4F8D-91FF-F339910D64CB}"
EndProject
Project("{FAE04EC0-301F-11D3-BF4B-00C04F79EFBC}") = "Repository", "Repository\Repository.csproj", "{1A766C9E-DBCC-41DF-AAB2-133F8FFAC743}"
EndProject
Project("{FAE04EC0-301F-11D3-BF4B-00C04F79EFBC}") = "Domain", "Domain\Domain.csproj", "{6D627F38-90B4-44AD-86DD-9ACDA6B6271D}"
EndProject
Project("{FAE04EC0-301F-11D3-BF4B-00C04F79EFBC}") = "Infrastructure", "Infrastructure\Infrastructure.csproj", "{36E9F612-1353-4598-A153-9CDD35268E0E}"
EndProject
Project("{FAE04EC0-301F-11D3-BF4B-00C04F79EFBC}") = "WebAPI", "WebAPI\WebAPI.csproj", "{0D351389-5087-4972-B15A-A0A5B52D101A}"
EndProject
Project("{FAE04EC0-301F-11D3-BF4B-00C04F79EFBC}") = "Service", "Service\Service.csproj", "{AACF0A83-2F41-415E-A254-EA66EB577694}"
EndProject
Global
	GlobalSection(SolutionConfigurationPlatforms) = preSolution
		Debug|Any CPU = Debug|Any CPU
		Release|Any CPU = Release|Any CPU
	EndGlobalSection
	GlobalSection(ProjectConfigurationPlatforms) = postSolution
		{7A9CDC15-B4D1-4A8E-BBD4-EDF6BBAAEF4E}.Debug|Any CPU.ActiveCfg = Debug|Any CPU
		{7A9CDC15-B4D1-4A8E-BBD4-EDF6BBAAEF4E}.Debug|Any CPU.Build.0 = Debug|Any CPU
		{7A9CDC15-B4D1-4A8E-BBD4-EDF6BBAAEF4E}.Release|Any CPU.ActiveCfg = Release|Any CPU
		{7A9CDC15-B4D1-4A8E-BBD4-EDF6BBAAEF4E}.Release|Any CPU.Build.0 = Release|Any CPU
		{62C8CB2B-62D4-423C-BCC2-4BF4F743BA4F}.Debug|Any CPU.ActiveCfg = Debug|Any CPU
		{62C8CB2B-62D4-423C-BCC2-4BF4F743BA4F}.Debug|Any CPU.Build.0 = Debug|Any CPU
		{62C8CB2B-62D4-423C-BCC2-4BF4F743BA4F}.Release|Any CPU.ActiveCfg = Release|Any CPU
		{62C8CB2B-62D4-423C-BCC2-4BF4F743BA4F}.Release|Any CPU.Build.0 = Release|Any CPU
		{B657CC89-611F-4648-8691-AE6F9F7F809B}.Debug|Any CPU.ActiveCfg = Debug|Any CPU
		{B657CC89-611F-4648-8691-AE6F9F7F809B}.Debug|Any CPU.Build.0 = Debug|Any CPU
		{B657CC89-611F-4648-8691-AE6F9F7F809B}.Release|Any CPU.ActiveCfg = Release|Any CPU
		{B657CC89-611F-4648-8691-AE6F9F7F809B}.Release|Any CPU.Build.0 = Release|Any CPU
		{8BF7D970-B000-4C42-A8CA-984B3C1F86BE}.Debug|Any CPU.ActiveCfg = Debug|Any CPU
		{8BF7D970-B000-4C42-A8CA-984B3C1F86BE}.Debug|Any CPU.Build.0 = Debug|Any CPU
		{8BF7D970-B000-4C42-A8CA-984B3C1F86BE}.Release|Any CPU.ActiveCfg = Release|Any CPU
		{8BF7D970-B000-4C42-A8CA-984B3C1F86BE}.Release|Any CPU.Build.0 = Release|Any CPU
		{AF3BE911-D1E8-43A1-9823-0C0BA893B2C1}.Debug|Any CPU.ActiveCfg = Debug|Any CPU
		{AF3BE911-D1E8-43A1-9823-0C0BA893B2C1}.Debug|Any CPU.Build.0 = Debug|Any CPU
		{AF3BE911-D1E8-43A1-9823-0C0BA893B2C1}.Release|Any CPU.ActiveCfg = Release|Any CPU
		{AF3BE911-D1E8-43A1-9823-0C0BA893B2C1}.Release|Any CPU.Build.0 = Release|Any CPU
		{C9FD3473-E890-4518-A884-D92A551F6C3C}.Debug|Any CPU.ActiveCfg = Debug|Any CPU
		{C9FD3473-E890-4518-A884-D92A551F6C3C}.Debug|Any CPU.Build.0 = Debug|Any CPU
		{C9FD3473-E890-4518-A884-D92A551F6C3C}.Release|Any CPU.ActiveCfg = Release|Any CPU
		{C9FD3473-E890-4518-A884-D92A551F6C3C}.Release|Any CPU.Build.0 = Release|Any CPU
		{1A766C9E-DBCC-41DF-AAB2-133F8FFAC743}.Debug|Any CPU.ActiveCfg = Debug|Any CPU
		{1A766C9E-DBCC-41DF-AAB2-133F8FFAC743}.Debug|Any CPU.Build.0 = Debug|Any CPU
		{1A766C9E-DBCC-41DF-AAB2-133F8FFAC743}.Release|Any CPU.ActiveCfg = Release|Any CPU
		{1A766C9E-DBCC-41DF-AAB2-133F8FFAC743}.Release|Any CPU.Build.0 = Release|Any CPU
		{6D627F38-90B4-44AD-86DD-9ACDA6B6271D}.Debug|Any CPU.ActiveCfg = Debug|Any CPU
		{6D627F38-90B4-44AD-86DD-9ACDA6B6271D}.Debug|Any CPU.Build.0 = Debug|Any CPU
		{6D627F38-90B4-44AD-86DD-9ACDA6B6271D}.Release|Any CPU.ActiveCfg = Release|Any CPU
		{6D627F38-90B4-44AD-86DD-9ACDA6B6271D}.Release|Any CPU.Build.0 = Release|Any CPU
		{36E9F612-1353-4598-A153-9CDD35268E0E}.Debug|Any CPU.ActiveCfg = Debug|Any CPU
		{36E9F612-1353-4598-A153-9CDD35268E0E}.Debug|Any CPU.Build.0 = Debug|Any CPU
		{36E9F612-1353-4598-A153-9CDD35268E0E}.Release|Any CPU.ActiveCfg = Release|Any CPU
		{36E9F612-1353-4598-A153-9CDD35268E0E}.Release|Any CPU.Build.0 = Release|Any CPU
		{0D351389-5087-4972-B15A-A0A5B52D101A}.Debug|Any CPU.ActiveCfg = Debug|Any CPU
		{0D351389-5087-4972-B15A-A0A5B52D101A}.Debug|Any CPU.Build.0 = Debug|Any CPU
		{0D351389-5087-4972-B15A-A0A5B52D101A}.Release|Any CPU.ActiveCfg = Release|Any CPU
		{0D351389-5087-4972-B15A-A0A5B52D101A}.Release|Any CPU.Build.0 = Release|Any CPU
		{AACF0A83-2F41-415E-A254-EA66EB577694}.Debug|Any CPU.ActiveCfg = Debug|Any CPU
		{AACF0A83-2F41-415E-A254-EA66EB577694}.Debug|Any CPU.Build.0 = Debug|Any CPU
		{AACF0A83-2F41-415E-A254-EA66EB577694}.Release|Any CPU.ActiveCfg = Release|Any CPU
		{AACF0A83-2F41-415E-A254-EA66EB577694}.Release|Any CPU.Build.0 = Release|Any CPU
	EndGlobalSection
	GlobalSection(SolutionProperties) = preSolution
		HideSolutionNode = FALSE
	EndGlobalSection
	GlobalSection(NestedProjects) = preSolution
		{C9FD3473-E890-4518-A884-D92A551F6C3C} = {E6A0DF2D-83C2-4F8D-91FF-F339910D64CB}
	EndGlobalSection
EndGlobal
