
Microsoft Visual Studio Solution File, Format Version 12.00
# Visual Studio 14
VisualStudioVersion = 14.0.25420.1
MinimumVisualStudioVersion = 10.0.40219.1
Project("{FAE04EC0-301F-11D3-BF4B-00C04F79EFBC}") = "WebUI", "WebUI\WebUI.csproj", "{7A9CDC15-B4D1-4A8E-BBD4-EDF6BBAAEF4E}"
EndProject
Project("{FAE04EC0-301F-11D3-BF4B-00C04F79EFBC}") = "Model", "Model\Model.csproj", "{62C8CB2B-62D4-423C-BCC2-4BF4F743BA4F}"
EndProject
Project("{FAE04EC0-301F-11D3-BF4B-00C04F79EFBC}") = "ModelDTO", "ModelDTO\ModelDTO.csproj", "{B657CC89-611F-4648-8691-AE6F9F7F809B}"
EndProject
Project("{9092AA53-FB77-4645-B42D-1CCCA6BD08BD}") = "FormUI", "FormUI\FormUI.njsproj", "{8BF7D970-B000-4C42-A8CA-984B3C1F86BE}"
EndProject
Project("{FAE04EC0-301F-11D3-BF4B-00C04F79EFBC}") = "ConsoleApplication", "ConsoleApplication\ConsoleApplication.csproj", "{AF3BE911-D1E8-43A1-9823-0C0BA893B2C1}"
EndProject
Project("{FAE04EC0-301F-11D3-BF4B-00C04F79EFBC}") = "WebUI.UnitTest", "Tests\WebUI.UnitTest\WebUI.UnitTest.csproj", "{C9FD3473-E890-4518-A884-D92A551F6C3C}"
EndProject
Project("{2150E333-8FDC-42A3-9474-1A3956D46DE8}") = "Tests", "Tests", "{E6A0DF2D-83C2-4F8D-91FF-F339910D64CB}"
EndProject
Project("{FAE04EC0-301F-11D3-BF4B-00C04F79EFBC}") = "Repository", "Repository\Repository.csproj", "{1A766C9E-DBCC-41DF-AAB2-133F8FFAC743}"
EndProject
Project("{FAE04EC0-301F-11D3-BF4B-00C04F79EFBC}") = "Domain", "Domain\Domain.csproj", "{6D627F38-90B4-44AD-86DD-9ACDA6B6271D}"
EndProject
Project("{FAE04EC0-301F-11D3-BF4B-00C04F79EFBC}") = "Infrastructure", "Infrastructure\Infrastructure.csproj", "{36E9F612-1353-4598-A153-9CDD35268E0E}"
EndProject
Project("{FAE04EC0-301F-11D3-BF4B-00C04F79EFBC}") = "WebAPI", "WebAPI\WebAPI.csproj", "{0D351389-5087-4972-B15A-A0A5B52D101A}"
EndProject
Project("{2150E333-8FDC-42A3-9474-1A3956D46DE8}") = "1.用户层", "1.用户层", "{FA834933-AE83-4AA5-AABF-2A6821DE02DF}"
EndProject
Project("{2150E333-8FDC-42A3-9474-1A3956D46DE8}") = "2.应用层", "2.应用层", "{100A230A-3FBF-4F5F-A4FC-AA482BB7DD58}"
EndProject
Project("{2150E333-8FDC-42A3-9474-1A3956D46DE8}") = "3.领域层", "3.领域层", "{E04E1EB4-720C-4D3B-AF02-F0DC2F144411}"
EndProject
Project("{2150E333-8FDC-42A3-9474-1A3956D46DE8}") = "4.基础层", "4.基础层", "{ED5F46E6-C1FA-406A-8F04-EEB203AB8C7E}"
EndProject
Project("{FAE04EC0-301F-11D3-BF4B-00C04F79EFBC}") = "Application", "Application\Application.csproj", "{AACF0A83-2F41-415E-A254-EA66EB577694}"
EndProject
Project("{FAE04EC0-301F-11D3-BF4B-00C04F79EFBC}") = "Infrastructure.Interfaces", "Infrastructure.Interfaces\Infrastructure.Interfaces.csproj", "{2BC9E6E1-4189-4D81-AE0B-08F69BA9CD16}"
EndProject
Project("{2150E333-8FDC-42A3-9474-1A3956D46DE8}") = "DbContext", "DbContext", "{C0173612-1D81-4FF7-922F-C13791E06878}"
EndProject
Project("{FAE04EC0-301F-11D3-BF4B-00C04F79EFBC}") = "MvcLearnDB", "MvcLearnDB\MvcLearnDB.csproj", "{220DCADB-6ECF-4138-B760-1C86F5541888}"
EndProject
Project("{2150E333-8FDC-42A3-9474-1A3956D46DE8}") = "Entity", "Entity", "{2F7EA780-A061-4101-A390-6F80690983F2}"
EndProject
Project("{FAE04EC0-301F-11D3-BF4B-00C04F79EFBC}") = "MvcLearnEntity", "MvcLearnEntity\MvcLearnEntity.csproj", "{50AD72AA-6867-43D2-9A4B-1B28EEF93BE3}"
EndProject
Project("{FAE04EC0-301F-11D3-BF4B-00C04F79EFBC}") = "Application.Interfaces", "Application.Interfaces\Application.Interfaces.csproj", "{A07183F8-45CE-4787-B377-EC340125A53E}"
EndProject
Project("{FAE04EC0-301F-11D3-BF4B-00C04F79EFBC}") = "Infrastructure.Test", "Infrastructure.Test\Infrastructure.Test.csproj", "{2E3DF5C2-8A38-4A03-86D7-8D463C917E47}"
EndProject
Project("{FAE04EC0-301F-11D3-BF4B-00C04F79EFBC}") = "Repository.Test", "Repository.Test\Repository.Test.csproj", "{E0D394F5-7396-4C44-B523-C1ABE93C1AEF}"
EndProject
Project("{FAE04EC0-301F-11D3-BF4B-00C04F79EFBC}") = "Domain.Test", "Domain.Test\Domain.Test.csproj", "{AD9A03B4-CD63-4DE1-BCD2-34438311D6DA}"
EndProject
Project("{FAE04EC0-301F-11D3-BF4B-00C04F79EFBC}") = "Application.Test", "Application.Test\Application.Test.csproj", "{BD162AEB-D75E-41A9-8D7D-73FE4B63B26A}"
EndProject
Project("{FAE04EC0-301F-11D3-BF4B-00C04F79EFBC}") = "WebUI.Test", "WebUI.Test\WebUI.Test.csproj", "{2EA945AB-6F70-4E55-BC23-70E8666A1088}"
EndProject
Project("{FAE04EC0-301F-11D3-BF4B-00C04F79EFBC}") = "WebAPI.Test", "WebAPI.Test\WebAPI.Test.csproj", "{9420C7DD-AA9A-45FA-B4A0-59CE93DB0EB5}"
EndProject
Global
	GlobalSection(SolutionConfigurationPlatforms) = preSolution
		Debug|Any CPU = Debug|Any CPU
		Release|Any CPU = Release|Any CPU
	EndGlobalSection
	GlobalSection(ProjectConfigurationPlatforms) = postSolution
		{7A9CDC15-B4D1-4A8E-BBD4-EDF6BBAAEF4E}.Debug|Any CPU.ActiveCfg = Debug|Any CPU
		{7A9CDC15-B4D1-4A8E-BBD4-EDF6BBAAEF4E}.Debug|Any CPU.Build.0 = Debug|Any CPU
		{7A9CDC15-B4D1-4A8E-BBD4-EDF6BBAAEF4E}.Release|Any CPU.ActiveCfg = Release|Any CPU
		{7A9CDC15-B4D1-4A8E-BBD4-EDF6BBAAEF4E}.Release|Any CPU.Build.0 = Release|Any CPU
		{62C8CB2B-62D4-423C-BCC2-4BF4F743BA4F}.Debug|Any CPU.ActiveCfg = Debug|Any CPU
		{62C8CB2B-62D4-423C-BCC2-4BF4F743BA4F}.Debug|Any CPU.Build.0 = Debug|Any CPU
		{62C8CB2B-62D4-423C-BCC2-4BF4F743BA4F}.Release|Any CPU.ActiveCfg = Release|Any CPU
		{62C8CB2B-62D4-423C-BCC2-4BF4F743BA4F}.Release|Any CPU.Build.0 = Release|Any CPU
		{B657CC89-611F-4648-8691-AE6F9F7F809B}.Debug|Any CPU.ActiveCfg = Debug|Any CPU
		{B657CC89-611F-4648-8691-AE6F9F7F809B}.Debug|Any CPU.Build.0 = Debug|Any CPU
		{B657CC89-611F-4648-8691-AE6F9F7F809B}.Release|Any CPU.ActiveCfg = Release|Any CPU
		{B657CC89-611F-4648-8691-AE6F9F7F809B}.Release|Any CPU.Build.0 = Release|Any CPU
		{8BF7D970-B000-4C42-A8CA-984B3C1F86BE}.Debug|Any CPU.ActiveCfg = Debug|Any CPU
		{8BF7D970-B000-4C42-A8CA-984B3C1F86BE}.Debug|Any CPU.Build.0 = Debug|Any CPU
		{8BF7D970-B000-4C42-A8CA-984B3C1F86BE}.Release|Any CPU.ActiveCfg = Release|Any CPU
		{8BF7D970-B000-4C42-A8CA-984B3C1F86BE}.Release|Any CPU.Build.0 = Release|Any CPU
		{AF3BE911-D1E8-43A1-9823-0C0BA893B2C1}.Debug|Any CPU.ActiveCfg = Debug|Any CPU
		{AF3BE911-D1E8-43A1-9823-0C0BA893B2C1}.Debug|Any CPU.Build.0 = Debug|Any CPU
		{AF3BE911-D1E8-43A1-9823-0C0BA893B2C1}.Release|Any CPU.ActiveCfg = Release|Any CPU
		{AF3BE911-D1E8-43A1-9823-0C0BA893B2C1}.Release|Any CPU.Build.0 = Release|Any CPU
		{C9FD3473-E890-4518-A884-D92A551F6C3C}.Debug|Any CPU.ActiveCfg = Debug|Any CPU
		{C9FD3473-E890-4518-A884-D92A551F6C3C}.Debug|Any CPU.Build.0 = Debug|Any CPU
		{C9FD3473-E890-4518-A884-D92A551F6C3C}.Release|Any CPU.ActiveCfg = Release|Any CPU
		{C9FD3473-E890-4518-A884-D92A551F6C3C}.Release|Any CPU.Build.0 = Release|Any CPU
		{1A766C9E-DBCC-41DF-AAB2-133F8FFAC743}.Debug|Any CPU.ActiveCfg = Debug|Any CPU
		{1A766C9E-DBCC-41DF-AAB2-133F8FFAC743}.Debug|Any CPU.Build.0 = Debug|Any CPU
		{1A766C9E-DBCC-41DF-AAB2-133F8FFAC743}.Release|Any CPU.ActiveCfg = Release|Any CPU
		{1A766C9E-DBCC-41DF-AAB2-133F8FFAC743}.Release|Any CPU.Build.0 = Release|Any CPU
		{6D627F38-90B4-44AD-86DD-9ACDA6B6271D}.Debug|Any CPU.ActiveCfg = Debug|Any CPU
		{6D627F38-90B4-44AD-86DD-9ACDA6B6271D}.Debug|Any CPU.Build.0 = Debug|Any CPU
		{6D627F38-90B4-44AD-86DD-9ACDA6B6271D}.Release|Any CPU.ActiveCfg = Release|Any CPU
		{6D627F38-90B4-44AD-86DD-9ACDA6B6271D}.Release|Any CPU.Build.0 = Release|Any CPU
		{36E9F612-1353-4598-A153-9CDD35268E0E}.Debug|Any CPU.ActiveCfg = Debug|Any CPU
		{36E9F612-1353-4598-A153-9CDD35268E0E}.Debug|Any CPU.Build.0 = Debug|Any CPU
		{36E9F612-1353-4598-A153-9CDD35268E0E}.Release|Any CPU.ActiveCfg = Release|Any CPU
		{36E9F612-1353-4598-A153-9CDD35268E0E}.Release|Any CPU.Build.0 = Release|Any CPU
		{0D351389-5087-4972-B15A-A0A5B52D101A}.Debug|Any CPU.ActiveCfg = Debug|Any CPU
		{0D351389-5087-4972-B15A-A0A5B52D101A}.Debug|Any CPU.Build.0 = Debug|Any CPU
		{0D351389-5087-4972-B15A-A0A5B52D101A}.Release|Any CPU.ActiveCfg = Release|Any CPU
		{0D351389-5087-4972-B15A-A0A5B52D101A}.Release|Any CPU.Build.0 = Release|Any CPU
		{AACF0A83-2F41-415E-A254-EA66EB577694}.Debug|Any CPU.ActiveCfg = Debug|Any CPU
		{AACF0A83-2F41-415E-A254-EA66EB577694}.Debug|Any CPU.Build.0 = Debug|Any CPU
		{AACF0A83-2F41-415E-A254-EA66EB577694}.Release|Any CPU.ActiveCfg = Release|Any CPU
		{AACF0A83-2F41-415E-A254-EA66EB577694}.Release|Any CPU.Build.0 = Release|Any CPU
		{2BC9E6E1-4189-4D81-AE0B-08F69BA9CD16}.Debug|Any CPU.ActiveCfg = Debug|Any CPU
		{2BC9E6E1-4189-4D81-AE0B-08F69BA9CD16}.Debug|Any CPU.Build.0 = Debug|Any CPU
		{2BC9E6E1-4189-4D81-AE0B-08F69BA9CD16}.Release|Any CPU.ActiveCfg = Release|Any CPU
		{2BC9E6E1-4189-4D81-AE0B-08F69BA9CD16}.Release|Any CPU.Build.0 = Release|Any CPU
		{220DCADB-6ECF-4138-B760-1C86F5541888}.Debug|Any CPU.ActiveCfg = Debug|Any CPU
		{220DCADB-6ECF-4138-B760-1C86F5541888}.Debug|Any CPU.Build.0 = Debug|Any CPU
		{220DCADB-6ECF-4138-B760-1C86F5541888}.Release|Any CPU.ActiveCfg = Release|Any CPU
		{220DCADB-6ECF-4138-B760-1C86F5541888}.Release|Any CPU.Build.0 = Release|Any CPU
		{50AD72AA-6867-43D2-9A4B-1B28EEF93BE3}.Debug|Any CPU.ActiveCfg = Debug|Any CPU
		{50AD72AA-6867-43D2-9A4B-1B28EEF93BE3}.Debug|Any CPU.Build.0 = Debug|Any CPU
		{50AD72AA-6867-43D2-9A4B-1B28EEF93BE3}.Release|Any CPU.ActiveCfg = Release|Any CPU
		{50AD72AA-6867-43D2-9A4B-1B28EEF93BE3}.Release|Any CPU.Build.0 = Release|Any CPU
		{A07183F8-45CE-4787-B377-EC340125A53E}.Debug|Any CPU.ActiveCfg = Debug|Any CPU
		{A07183F8-45CE-4787-B377-EC340125A53E}.Debug|Any CPU.Build.0 = Debug|Any CPU
		{A07183F8-45CE-4787-B377-EC340125A53E}.Release|Any CPU.ActiveCfg = Release|Any CPU
		{A07183F8-45CE-4787-B377-EC340125A53E}.Release|Any CPU.Build.0 = Release|Any CPU
		{2E3DF5C2-8A38-4A03-86D7-8D463C917E47}.Debug|Any CPU.ActiveCfg = Debug|Any CPU
		{2E3DF5C2-8A38-4A03-86D7-8D463C917E47}.Debug|Any CPU.Build.0 = Debug|Any CPU
		{2E3DF5C2-8A38-4A03-86D7-8D463C917E47}.Release|Any CPU.ActiveCfg = Release|Any CPU
		{2E3DF5C2-8A38-4A03-86D7-8D463C917E47}.Release|Any CPU.Build.0 = Release|Any CPU
		{E0D394F5-7396-4C44-B523-C1ABE93C1AEF}.Debug|Any CPU.ActiveCfg = Debug|Any CPU
		{E0D394F5-7396-4C44-B523-C1ABE93C1AEF}.Debug|Any CPU.Build.0 = Debug|Any CPU
		{E0D394F5-7396-4C44-B523-C1ABE93C1AEF}.Release|Any CPU.ActiveCfg = Release|Any CPU
		{E0D394F5-7396-4C44-B523-C1ABE93C1AEF}.Release|Any CPU.Build.0 = Release|Any CPU
		{AD9A03B4-CD63-4DE1-BCD2-34438311D6DA}.Debug|Any CPU.ActiveCfg = Debug|Any CPU
		{AD9A03B4-CD63-4DE1-BCD2-34438311D6DA}.Debug|Any CPU.Build.0 = Debug|Any CPU
		{AD9A03B4-CD63-4DE1-BCD2-34438311D6DA}.Release|Any CPU.ActiveCfg = Release|Any CPU
		{AD9A03B4-CD63-4DE1-BCD2-34438311D6DA}.Release|Any CPU.Build.0 = Release|Any CPU
		{BD162AEB-D75E-41A9-8D7D-73FE4B63B26A}.Debug|Any CPU.ActiveCfg = Debug|Any CPU
		{BD162AEB-D75E-41A9-8D7D-73FE4B63B26A}.Debug|Any CPU.Build.0 = Debug|Any CPU
		{BD162AEB-D75E-41A9-8D7D-73FE4B63B26A}.Release|Any CPU.ActiveCfg = Release|Any CPU
		{BD162AEB-D75E-41A9-8D7D-73FE4B63B26A}.Release|Any CPU.Build.0 = Release|Any CPU
		{2EA945AB-6F70-4E55-BC23-70E8666A1088}.Debug|Any CPU.ActiveCfg = Debug|Any CPU
		{2EA945AB-6F70-4E55-BC23-70E8666A1088}.Debug|Any CPU.Build.0 = Debug|Any CPU
		{2EA945AB-6F70-4E55-BC23-70E8666A1088}.Release|Any CPU.ActiveCfg = Release|Any CPU
		{2EA945AB-6F70-4E55-BC23-70E8666A1088}.Release|Any CPU.Build.0 = Release|Any CPU
		{9420C7DD-AA9A-45FA-B4A0-59CE93DB0EB5}.Debug|Any CPU.ActiveCfg = Debug|Any CPU
		{9420C7DD-AA9A-45FA-B4A0-59CE93DB0EB5}.Debug|Any CPU.Build.0 = Debug|Any CPU
		{9420C7DD-AA9A-45FA-B4A0-59CE93DB0EB5}.Release|Any CPU.ActiveCfg = Release|Any CPU
		{9420C7DD-AA9A-45FA-B4A0-59CE93DB0EB5}.Release|Any CPU.Build.0 = Release|Any CPU
	EndGlobalSection
	GlobalSection(SolutionProperties) = preSolution
		HideSolutionNode = FALSE
	EndGlobalSection
	GlobalSection(NestedProjects) = preSolution
		{7A9CDC15-B4D1-4A8E-BBD4-EDF6BBAAEF4E} = {FA834933-AE83-4AA5-AABF-2A6821DE02DF}
		{C9FD3473-E890-4518-A884-D92A551F6C3C} = {E6A0DF2D-83C2-4F8D-91FF-F339910D64CB}
		{1A766C9E-DBCC-41DF-AAB2-133F8FFAC743} = {ED5F46E6-C1FA-406A-8F04-EEB203AB8C7E}
		{6D627F38-90B4-44AD-86DD-9ACDA6B6271D} = {E04E1EB4-720C-4D3B-AF02-F0DC2F144411}
		{36E9F612-1353-4598-A153-9CDD35268E0E} = {ED5F46E6-C1FA-406A-8F04-EEB203AB8C7E}
		{0D351389-5087-4972-B15A-A0A5B52D101A} = {FA834933-AE83-4AA5-AABF-2A6821DE02DF}
		{AACF0A83-2F41-415E-A254-EA66EB577694} = {100A230A-3FBF-4F5F-A4FC-AA482BB7DD58}
		{2BC9E6E1-4189-4D81-AE0B-08F69BA9CD16} = {ED5F46E6-C1FA-406A-8F04-EEB203AB8C7E}
		{C0173612-1D81-4FF7-922F-C13791E06878} = {ED5F46E6-C1FA-406A-8F04-EEB203AB8C7E}
		{220DCADB-6ECF-4138-B760-1C86F5541888} = {C0173612-1D81-4FF7-922F-C13791E06878}
		{2F7EA780-A061-4101-A390-6F80690983F2} = {E04E1EB4-720C-4D3B-AF02-F0DC2F144411}
		{50AD72AA-6867-43D2-9A4B-1B28EEF93BE3} = {2F7EA780-A061-4101-A390-6F80690983F2}
		{A07183F8-45CE-4787-B377-EC340125A53E} = {100A230A-3FBF-4F5F-A4FC-AA482BB7DD58}
		{2E3DF5C2-8A38-4A03-86D7-8D463C917E47} = {ED5F46E6-C1FA-406A-8F04-EEB203AB8C7E}
		{E0D394F5-7396-4C44-B523-C1ABE93C1AEF} = {ED5F46E6-C1FA-406A-8F04-EEB203AB8C7E}
		{AD9A03B4-CD63-4DE1-BCD2-34438311D6DA} = {E04E1EB4-720C-4D3B-AF02-F0DC2F144411}
		{BD162AEB-D75E-41A9-8D7D-73FE4B63B26A} = {100A230A-3FBF-4F5F-A4FC-AA482BB7DD58}
		{2EA945AB-6F70-4E55-BC23-70E8666A1088} = {FA834933-AE83-4AA5-AABF-2A6821DE02DF}
		{9420C7DD-AA9A-45FA-B4A0-59CE93DB0EB5} = {FA834933-AE83-4AA5-AABF-2A6821DE02DF}
	EndGlobalSection
EndGlobal
