
Microsoft Visual Studio Solution File, Format Version 12.00
# Visual Studio 14
VisualStudioVersion = 14.0.25420.1
MinimumVisualStudioVersion = 10.0.40219.1
Project("{FAE04EC0-301F-11D3-BF4B-00C04F79EFBC}") = "ConsoleApplication", "ConsoleApplication\ConsoleApplication.csproj", "{AF3BE911-D1E8-43A1-9823-0C0BA893B2C1}"
EndProject
Project("{2150E333-8FDC-42A3-9474-1A3956D46DE8}") = "Models", "Models", "{FB7308DE-20BA-479D-AE7D-AF887D36C799}"
EndProject
Project("{2150E333-8FDC-42A3-9474-1A3956D46DE8}") = "UI", "UI", "{80C77B17-5BF6-4487-B1A7-7B86CB6D9732}"
EndProject
Project("{2150E333-8FDC-42A3-9474-1A3956D46DE8}") = "Services", "Services", "{60F01C47-0C81-48BC-B6B0-92D3A7C098BB}"
EndProject
Project("{FAE04EC0-301F-11D3-BF4B-00C04F79EFBC}") = "MVCLearn.Model", "MVCLearn.Model\MVCLearn.Model.csproj", "{62C8CB2B-62D4-423C-BCC2-4BF4F743BA4F}"
EndProject
Project("{FAE04EC0-301F-11D3-BF4B-00C04F79EFBC}") = "MVCLearn.ModelBCL", "MVCLearn.ModelBCL\MVCLearn.ModelBCL.csproj", "{A6262567-B980-44B1-9212-5E2481655AEE}"
EndProject
Project("{FAE04EC0-301F-11D3-BF4B-00C04F79EFBC}") = "MVCLearn.ModelDbContext", "MVCLearn.ModelDbContext\MVCLearn.ModelDbContext.csproj", "{8BD18F91-C9E6-44EA-9BC7-8E37D27009F3}"
EndProject
Project("{FAE04EC0-301F-11D3-BF4B-00C04F79EFBC}") = "MVCLearn.ModelDTO", "MVCLearn.ModelDTO\MVCLearn.ModelDTO.csproj", "{B657CC89-611F-4648-8691-AE6F9F7F809B}"
EndProject
Project("{FAE04EC0-301F-11D3-BF4B-00C04F79EFBC}") = "MVCLearn.ModelEnum", "MVCLearn.ModelEnum\MVCLearn.ModelEnum.csproj", "{E311A5A4-2CFF-427D-BA2C-61619199C22A}"
EndProject
Project("{FAE04EC0-301F-11D3-BF4B-00C04F79EFBC}") = "MVCLearn.Log", "MVCLearn.Log\MVCLearn.Log.csproj", "{23E5F599-D0EA-43AE-A99B-D742CFD03A61}"
EndProject
Project("{FAE04EC0-301F-11D3-BF4B-00C04F79EFBC}") = "MVCLearn.Service", "MVCLearn.Service\MVCLearn.Service.csproj", "{4F854E06-D046-45E5-B561-BB14B30119F7}"
EndProject
Project("{FAE04EC0-301F-11D3-BF4B-00C04F79EFBC}") = "MVCLearn.Service.Interface", "MVCLearn.Service.Interface\MVCLearn.Service.Interface.csproj", "{AB987F93-DE64-49F6-81F9-02626BDA0453}"
EndProject
Project("{FAE04EC0-301F-11D3-BF4B-00C04F79EFBC}") = "MVCLearn.WebAPI", "MVCLearn.WebAPI\MVCLearn.WebAPI.csproj", "{0D351389-5087-4972-B15A-A0A5B52D101A}"
EndProject
Project("{FAE04EC0-301F-11D3-BF4B-00C04F79EFBC}") = "MVCLearn.WebUI", "MVCLearn.WebUI\MVCLearn.WebUI.csproj", "{7A9CDC15-B4D1-4A8E-BBD4-EDF6BBAAEF4E}"
EndProject
Project("{FAE04EC0-301F-11D3-BF4B-00C04F79EFBC}") = "MVCLearn.Config", "MVCLearn.Config\MVCLearn.Config.csproj", "{55A55665-A315-43D3-A8EE-2033DAB0F5A2}"
EndProject
Project("{FAE04EC0-301F-11D3-BF4B-00C04F79EFBC}") = "MVCLearn.Service.Test", "MVCLearn.Service.Test\MVCLearn.Service.Test.csproj", "{2E3DF5C2-8A38-4A03-86D7-8D463C917E47}"
EndProject
Project("{FAE04EC0-301F-11D3-BF4B-00C04F79EFBC}") = "MVCLearn.WebSignalR", "MVCLearn.WebSignalR\MVCLearn.WebSignalR.csproj", "{465F4D0E-0327-45E7-ACDD-873FAEA80B6B}"
EndProject
Global
	GlobalSection(SolutionConfigurationPlatforms) = preSolution
		Debug|Any CPU = Debug|Any CPU
		Release|Any CPU = Release|Any CPU
	EndGlobalSection
	GlobalSection(ProjectConfigurationPlatforms) = postSolution
		{AF3BE911-D1E8-43A1-9823-0C0BA893B2C1}.Debug|Any CPU.ActiveCfg = Debug|Any CPU
		{AF3BE911-D1E8-43A1-9823-0C0BA893B2C1}.Debug|Any CPU.Build.0 = Debug|Any CPU
		{AF3BE911-D1E8-43A1-9823-0C0BA893B2C1}.Release|Any CPU.ActiveCfg = Release|Any CPU
		{AF3BE911-D1E8-43A1-9823-0C0BA893B2C1}.Release|Any CPU.Build.0 = Release|Any CPU
		{62C8CB2B-62D4-423C-BCC2-4BF4F743BA4F}.Debug|Any CPU.ActiveCfg = Debug|Any CPU
		{62C8CB2B-62D4-423C-BCC2-4BF4F743BA4F}.Debug|Any CPU.Build.0 = Debug|Any CPU
		{62C8CB2B-62D4-423C-BCC2-4BF4F743BA4F}.Release|Any CPU.ActiveCfg = Release|Any CPU
		{62C8CB2B-62D4-423C-BCC2-4BF4F743BA4F}.Release|Any CPU.Build.0 = Release|Any CPU
		{A6262567-B980-44B1-9212-5E2481655AEE}.Debug|Any CPU.ActiveCfg = Debug|Any CPU
		{A6262567-B980-44B1-9212-5E2481655AEE}.Debug|Any CPU.Build.0 = Debug|Any CPU
		{A6262567-B980-44B1-9212-5E2481655AEE}.Release|Any CPU.ActiveCfg = Release|Any CPU
		{A6262567-B980-44B1-9212-5E2481655AEE}.Release|Any CPU.Build.0 = Release|Any CPU
		{8BD18F91-C9E6-44EA-9BC7-8E37D27009F3}.Debug|Any CPU.ActiveCfg = Debug|Any CPU
		{8BD18F91-C9E6-44EA-9BC7-8E37D27009F3}.Debug|Any CPU.Build.0 = Debug|Any CPU
		{8BD18F91-C9E6-44EA-9BC7-8E37D27009F3}.Release|Any CPU.ActiveCfg = Release|Any CPU
		{8BD18F91-C9E6-44EA-9BC7-8E37D27009F3}.Release|Any CPU.Build.0 = Release|Any CPU
		{B657CC89-611F-4648-8691-AE6F9F7F809B}.Debug|Any CPU.ActiveCfg = Debug|Any CPU
		{B657CC89-611F-4648-8691-AE6F9F7F809B}.Debug|Any CPU.Build.0 = Debug|Any CPU
		{B657CC89-611F-4648-8691-AE6F9F7F809B}.Release|Any CPU.ActiveCfg = Release|Any CPU
		{B657CC89-611F-4648-8691-AE6F9F7F809B}.Release|Any CPU.Build.0 = Release|Any CPU
		{E311A5A4-2CFF-427D-BA2C-61619199C22A}.Debug|Any CPU.ActiveCfg = Debug|Any CPU
		{E311A5A4-2CFF-427D-BA2C-61619199C22A}.Debug|Any CPU.Build.0 = Debug|Any CPU
		{E311A5A4-2CFF-427D-BA2C-61619199C22A}.Release|Any CPU.ActiveCfg = Release|Any CPU
		{E311A5A4-2CFF-427D-BA2C-61619199C22A}.Release|Any CPU.Build.0 = Release|Any CPU
		{23E5F599-D0EA-43AE-A99B-D742CFD03A61}.Debug|Any CPU.ActiveCfg = Debug|Any CPU
		{23E5F599-D0EA-43AE-A99B-D742CFD03A61}.Debug|Any CPU.Build.0 = Debug|Any CPU
		{23E5F599-D0EA-43AE-A99B-D742CFD03A61}.Release|Any CPU.ActiveCfg = Release|Any CPU
		{23E5F599-D0EA-43AE-A99B-D742CFD03A61}.Release|Any CPU.Build.0 = Release|Any CPU
		{4F854E06-D046-45E5-B561-BB14B30119F7}.Debug|Any CPU.ActiveCfg = Debug|Any CPU
		{4F854E06-D046-45E5-B561-BB14B30119F7}.Debug|Any CPU.Build.0 = Debug|Any CPU
		{4F854E06-D046-45E5-B561-BB14B30119F7}.Release|Any CPU.ActiveCfg = Release|Any CPU
		{4F854E06-D046-45E5-B561-BB14B30119F7}.Release|Any CPU.Build.0 = Release|Any CPU
		{AB987F93-DE64-49F6-81F9-02626BDA0453}.Debug|Any CPU.ActiveCfg = Debug|Any CPU
		{AB987F93-DE64-49F6-81F9-02626BDA0453}.Debug|Any CPU.Build.0 = Debug|Any CPU
		{AB987F93-DE64-49F6-81F9-02626BDA0453}.Release|Any CPU.ActiveCfg = Release|Any CPU
		{AB987F93-DE64-49F6-81F9-02626BDA0453}.Release|Any CPU.Build.0 = Release|Any CPU
		{0D351389-5087-4972-B15A-A0A5B52D101A}.Debug|Any CPU.ActiveCfg = Debug|Any CPU
		{0D351389-5087-4972-B15A-A0A5B52D101A}.Debug|Any CPU.Build.0 = Debug|Any CPU
		{0D351389-5087-4972-B15A-A0A5B52D101A}.Release|Any CPU.ActiveCfg = Release|Any CPU
		{0D351389-5087-4972-B15A-A0A5B52D101A}.Release|Any CPU.Build.0 = Release|Any CPU
		{7A9CDC15-B4D1-4A8E-BBD4-EDF6BBAAEF4E}.Debug|Any CPU.ActiveCfg = Debug|Any CPU
		{7A9CDC15-B4D1-4A8E-BBD4-EDF6BBAAEF4E}.Debug|Any CPU.Build.0 = Debug|Any CPU
		{7A9CDC15-B4D1-4A8E-BBD4-EDF6BBAAEF4E}.Release|Any CPU.ActiveCfg = Release|Any CPU
		{7A9CDC15-B4D1-4A8E-BBD4-EDF6BBAAEF4E}.Release|Any CPU.Build.0 = Release|Any CPU
		{55A55665-A315-43D3-A8EE-2033DAB0F5A2}.Debug|Any CPU.ActiveCfg = Debug|Any CPU
		{55A55665-A315-43D3-A8EE-2033DAB0F5A2}.Debug|Any CPU.Build.0 = Debug|Any CPU
		{55A55665-A315-43D3-A8EE-2033DAB0F5A2}.Release|Any CPU.ActiveCfg = Release|Any CPU
		{55A55665-A315-43D3-A8EE-2033DAB0F5A2}.Release|Any CPU.Build.0 = Release|Any CPU
		{2E3DF5C2-8A38-4A03-86D7-8D463C917E47}.Debug|Any CPU.ActiveCfg = Debug|Any CPU
		{2E3DF5C2-8A38-4A03-86D7-8D463C917E47}.Debug|Any CPU.Build.0 = Debug|Any CPU
		{2E3DF5C2-8A38-4A03-86D7-8D463C917E47}.Release|Any CPU.ActiveCfg = Release|Any CPU
		{2E3DF5C2-8A38-4A03-86D7-8D463C917E47}.Release|Any CPU.Build.0 = Release|Any CPU
		{465F4D0E-0327-45E7-ACDD-873FAEA80B6B}.Debug|Any CPU.ActiveCfg = Debug|Any CPU
		{465F4D0E-0327-45E7-ACDD-873FAEA80B6B}.Debug|Any CPU.Build.0 = Debug|Any CPU
		{465F4D0E-0327-45E7-ACDD-873FAEA80B6B}.Release|Any CPU.ActiveCfg = Release|Any CPU
		{465F4D0E-0327-45E7-ACDD-873FAEA80B6B}.Release|Any CPU.Build.0 = Release|Any CPU
	EndGlobalSection
	GlobalSection(SolutionProperties) = preSolution
		HideSolutionNode = FALSE
	EndGlobalSection
	GlobalSection(NestedProjects) = preSolution
		{AF3BE911-D1E8-43A1-9823-0C0BA893B2C1} = {80C77B17-5BF6-4487-B1A7-7B86CB6D9732}
		{62C8CB2B-62D4-423C-BCC2-4BF4F743BA4F} = {FB7308DE-20BA-479D-AE7D-AF887D36C799}
		{A6262567-B980-44B1-9212-5E2481655AEE} = {FB7308DE-20BA-479D-AE7D-AF887D36C799}
		{8BD18F91-C9E6-44EA-9BC7-8E37D27009F3} = {FB7308DE-20BA-479D-AE7D-AF887D36C799}
		{B657CC89-611F-4648-8691-AE6F9F7F809B} = {FB7308DE-20BA-479D-AE7D-AF887D36C799}
		{E311A5A4-2CFF-427D-BA2C-61619199C22A} = {FB7308DE-20BA-479D-AE7D-AF887D36C799}
		{23E5F599-D0EA-43AE-A99B-D742CFD03A61} = {60F01C47-0C81-48BC-B6B0-92D3A7C098BB}
		{4F854E06-D046-45E5-B561-BB14B30119F7} = {60F01C47-0C81-48BC-B6B0-92D3A7C098BB}
		{AB987F93-DE64-49F6-81F9-02626BDA0453} = {60F01C47-0C81-48BC-B6B0-92D3A7C098BB}
		{0D351389-5087-4972-B15A-A0A5B52D101A} = {80C77B17-5BF6-4487-B1A7-7B86CB6D9732}
		{7A9CDC15-B4D1-4A8E-BBD4-EDF6BBAAEF4E} = {80C77B17-5BF6-4487-B1A7-7B86CB6D9732}
		{55A55665-A315-43D3-A8EE-2033DAB0F5A2} = {60F01C47-0C81-48BC-B6B0-92D3A7C098BB}
		{2E3DF5C2-8A38-4A03-86D7-8D463C917E47} = {60F01C47-0C81-48BC-B6B0-92D3A7C098BB}
		{465F4D0E-0327-45E7-ACDD-873FAEA80B6B} = {80C77B17-5BF6-4487-B1A7-7B86CB6D9732}
	EndGlobalSection
EndGlobal
